
Microsoft Visual Studio Solution File, Format Version 12.00
# Visual Studio Version 17
VisualStudioVersion = 17.5.33627.172
MinimumVisualStudioVersion = 10.0.40219.1
Project("{FAE04EC0-301F-11D3-BF4B-00C04F79EFBC}") = "Project", "Project\Project.csproj", "{726ADD8E-0A7F-4F79-97B8-680A5B34C106}"
EndProject
Global
	GlobalSection(SolutionConfigurationPlatforms) = preSolution
		Debug|Any CPU = Debug|Any CPU
		Release|Any CPU = Release|Any CPU
	EndGlobalSection
	GlobalSection(ProjectConfigurationPlatforms) = postSolution
		{726ADD8E-0A7F-4F79-97B8-680A5B34C106}.Debug|Any CPU.ActiveCfg = Debug|Any CPU
		{726ADD8E-0A7F-4F79-97B8-680A5B34C106}.Debug|Any CPU.Build.0 = Debug|Any CPU
		{726ADD8E-0A7F-4F79-97B8-680A5B34C106}.Release|Any CPU.ActiveCfg = Release|Any CPU
		{726ADD8E-0A7F-4F79-97B8-680A5B34C106}.Release|Any CPU.Build.0 = Release|Any CPU
	EndGlobalSection
	GlobalSection(SolutionProperties) = preSolution
		HideSolutionNode = FALSE
	EndGlobalSection
	GlobalSection(ExtensibilityGlobals) = postSolution
		SolutionGuid = {BD2AC751-8550-42E2-9C5B-1B0F01D3ADBC}
	EndGlobalSection
EndGlobal
